{
    "_readme": [
        "This file locks the dependencies of your project to a known state",
        "Read more about it at https://getcomposer.org/doc/01-basic-usage.md#installing-dependencies",
        "This file is @generated automatically"
    ],
    "content-hash": "fd4e339b4fd09d19d47f914749076077",
    "packages": [
        {
            "name": "rdx/db",
            "version": "2.0.1",
            "source": {
                "type": "git",
                "url": "https://github.com/rudiedirkx/db_generic.git",
                "reference": "483cd7c1ce2188f4be857bf7f5cbf020c2c01c0e"
            },
            "dist": {
                "type": "zip",
                "url": "https://api.github.com/repos/rudiedirkx/db_generic/zipball/483cd7c1ce2188f4be857bf7f5cbf020c2c01c0e",
                "reference": "483cd7c1ce2188f4be857bf7f5cbf020c2c01c0e",
                "shasum": ""
            },
            "require": {
                "php": ">=8.3"
            },
            "require-dev": {
                "phpstan/phpstan": "^2.1",
                "phpunit/phpunit": "^13.3",
                "symfony/var-dumper": "^7.2"
            },
            "type": "library",
            "autoload": {
                "psr-4": {
                    "rdx\\db\\PhpStan\\": "src/phpstan/"
                },
                "classmap": [
                    "src/"
                ]
            },
            "notification-url": "https://packagist.org/downloads/",
            "license": [
                "MIT"
            ],
            "authors": [
                {
                    "name": "Rudie Dirkx",
                    "email": "github@hotblocks.nl"
                }
            ],
            "description": "Simple MySQL/SQLite wrapper",
            "support": {
                "issues": "https://github.com/rudiedirkx/db_generic/issues",
                "source": "https://github.com/rudiedirkx/db_generic/tree/2.0.1"
            },
            "time": "2026-09-02T22:44:55+00:00"
        },
        {
            "name": "symfony/polyfill-mbstring",
            "version": "v1.37.0",
            "source": {
                "type": "git",
                "url": "https://github.com/symfony/polyfill-mbstring.git",
                "reference": "6a21eb99c6973357967f6ce3708cd55a6bec6315"
            },
            "dist": {
                "type": "zip",
                "url": "https://api.github.com/repos/symfony/polyfill-mbstring/zipball/6a21eb99c6973357967f6ce3708cd55a6bec6315",
                "reference": "6a21eb99c6973357967f6ce3708cd55a6bec6315",
                "shasum": ""
            },
            "require": {
                "ext-iconv": "*",
                "php": ">=7.2"
            },
            "provide": {
                "ext-mbstring": "*"
            },
            "suggest": {
                "ext-mbstring": "For best performance"
            },
            "type": "library",
            "extra": {
                "thanks": {
                    "url": "https://github.com/symfony/polyfill",
                    "name": "symfony/polyfill"
                }
            },
            "autoload": {
                "files": [
                    "bootstrap.php"
                ],
                "psr-4": {
                    "Symfony\\Polyfill\\Mbstring\\": ""
                }
            },
            "notification-url": "https://packagist.org/downloads/",
            "license": [
                "MIT"
            ],
            "authors": [
                {
                    "name": "Nicolas Grekas",
                    "email": "p@tchwork.com"
                },
                {
                    "name": "Symfony Community",
                    "homepage": "https://symfony.com/contributors"
                }
            ],
            "description": "Symfony polyfill for the Mbstring extension",
            "homepage": "https://symfony.com",
            "keywords": [
                "compatibility",
                "mbstring",
                "polyfill",
                "portable",
                "shim"
            ],
            "support": {
                "source": "https://github.com/symfony/polyfill-mbstring/tree/v1.37.0"
            },
            "funding": [
                {
                    "url": "https://symfony.com/sponsor",
                    "type": "custom"
                },
                {
                    "url": "https://github.com/fabpot",
                    "type": "github"
                },
                {
                    "url": "https://github.com/nicolas-grekas",
                    "type": "github"
                },
                {
                    "url": "https://tidelift.com/funding/github/packagist/symfony/symfony",
                    "type": "tidelift"
                }
            ],
            "time": "2026-04-10T17:25:58+00:00"
        },
        {
            "name": "symfony/polyfill-php80",
            "version": "v1.37.0",
            "source": {
                "type": "git",
                "url": "https://github.com/symfony/polyfill-php80.git",
                "reference": "dfb55726c3a76ea3b6459fcfda1ec2d80a682411"
            },
            "dist": {
                "type": "zip",
                "url": "https://api.github.com/repos/symfony/polyfill-php80/zipball/dfb55726c3a76ea3b6459fcfda1ec2d80a682411",
                "reference": "dfb55726c3a76ea3b6459fcfda1ec2d80a682411",
                "shasum": ""
            },
            "require": {
                "php": ">=7.2"
            },
            "type": "library",
            "extra": {
                "thanks": {
                    "url": "https://github.com/symfony/polyfill",
                    "name": "symfony/polyfill"
                }
            },
            "autoload": {
                "files": [
                    "bootstrap.php"
                ],
                "psr-4": {
                    "Symfony\\Polyfill\\Php80\\": ""
                },
                "classmap": [
                    "Resources/stubs"
                ]
            },
            "notification-url": "https://packagist.org/downloads/",
            "license": [
                "MIT"
            ],
            "authors": [
                {
                    "name": "Ion Bazan",
                    "email": "ion.bazan@gmail.com"
                },
                {
                    "name": "Nicolas Grekas",
                    "email": "p@tchwork.com"
                },
                {
                    "name": "Symfony Community",
                    "homepage": "https://symfony.com/contributors"
                }
            ],
            "description": "Symfony polyfill backporting some PHP 8.0+ features to lower PHP versions",
            "homepage": "https://symfony.com",
            "keywords": [
                "compatibility",
                "polyfill",
                "portable",
                "shim"
            ],
            "support": {
                "source": "https://github.com/symfony/polyfill-php80/tree/v1.37.0"
            },
            "funding": [
                {
                    "url": "https://symfony.com/sponsor",
                    "type": "custom"
                },
                {
                    "url": "https://github.com/fabpot",
                    "type": "github"
                },
                {
                    "url": "https://github.com/nicolas-grekas",
                    "type": "github"
                },
                {
                    "url": "https://tidelift.com/funding/github/packagist/symfony/symfony",
                    "type": "tidelift"
                }
            ],
            "time": "2026-04-10T16:19:22+00:00"
        },
        {
            "name": "symfony/var-dumper",
            "version": "v5.4.48",
            "source": {
                "type": "git",
                "url": "https://github.com/symfony/var-dumper.git",
                "reference": "42f18f170aa86d612c3559cfb3bd11a375df32c8"
            },
            "dist": {
                "type": "zip",
                "url": "https://api.github.com/repos/symfony/var-dumper/zipball/42f18f170aa86d612c3559cfb3bd11a375df32c8",
                "reference": "42f18f170aa86d612c3559cfb3bd11a375df32c8",
                "shasum": ""
            },
            "require": {
                "php": ">=7.2.5",
                "symfony/polyfill-mbstring": "~1.0",
                "symfony/polyfill-php80": "^1.16"
            },
            "conflict": {
                "symfony/console": "<4.4"
            },
            "require-dev": {
                "ext-iconv": "*",
                "symfony/console": "^4.4|^5.0|^6.0",
                "symfony/http-kernel": "^4.4|^5.0|^6.0",
                "symfony/process": "^4.4|^5.0|^6.0",
                "symfony/uid": "^5.1|^6.0",
                "twig/twig": "^2.13|^3.0.4"
            },
            "suggest": {
                "ext-iconv": "To convert non-UTF-8 strings to UTF-8 (or symfony/polyfill-iconv in case ext-iconv cannot be used).",
                "ext-intl": "To show region name in time zone dump",
                "symfony/console": "To use the ServerDumpCommand and/or the bin/var-dump-server script"
            },
            "bin": [
                "Resources/bin/var-dump-server"
            ],
            "type": "library",
            "autoload": {
                "files": [
                    "Resources/functions/dump.php"
                ],
                "psr-4": {
                    "Symfony\\Component\\VarDumper\\": ""
                },
                "exclude-from-classmap": [
                    "/Tests/"
                ]
            },
            "notification-url": "https://packagist.org/downloads/",
            "license": [
                "MIT"
            ],
            "authors": [
                {
                    "name": "Nicolas Grekas",
                    "email": "p@tchwork.com"
                },
                {
                    "name": "Symfony Community",
                    "homepage": "https://symfony.com/contributors"
                }
            ],
            "description": "Provides mechanisms for walking through any arbitrary PHP variable",
            "homepage": "https://symfony.com",
            "keywords": [
                "debug",
                "dump"
            ],
            "support": {
                "source": "https://github.com/symfony/var-dumper/tree/v5.4.48"
            },
            "funding": [
                {
                    "url": "https://symfony.com/sponsor",
                    "type": "custom"
                },
                {
                    "url": "https://github.com/fabpot",
                    "type": "github"
                },
                {
                    "url": "https://tidelift.com/funding/github/packagist/symfony/symfony",
                    "type": "tidelift"
                }
            ],
            "time": "2024-11-08T15:21:10+00:00"
        }
    ],
    "packages-dev": [
        {
            "name": "phpstan/phpstan",
            "version": "2.3.1",
            "dist": {
                "type": "zip",
                "url": "https://api.github.com/repos/phpstan/phpstan/zipball/6155239b488e95d26d1ebd95c6b4bb294d7f09db",
                "reference": "6155239b488e95d26d1ebd95c6b4bb294d7f09db",
                "shasum": ""
            },
            "require": {
                "php": "^7.4|^8.0"
            },
            "conflict": {
                "phpstan/phpstan-shim": "*"
            },
            "bin": [
                "phpstan",
                "phpstan.phar"
            ],
            "type": "library",
            "autoload": {
                "files": [
                    "bootstrap.php"
                ]
            },
            "notification-url": "https://packagist.org/downloads/",
            "license": [
                "MIT"
            ],
            "authors": [
                {
                    "name": "Ondřej Mirtes"
                },
                {
                    "name": "Markus Staab"
                },
                {
                    "name": "Vincent Langlet"
                }
            ],
            "description": "PHPStan - PHP Static Analysis Tool",
            "keywords": [
                "dev",
                "static analysis"
            ],
            "support": {
                "docs": "https://phpstan.org/user-guide/getting-started",
                "forum": "https://github.com/phpstan/phpstan/discussions",
                "issues": "https://github.com/phpstan/phpstan/issues",
                "security": "https://github.com/phpstan/phpstan/security/policy",
                "source": "https://github.com/phpstan/phpstan-src"
            },
            "funding": [
                {
                    "url": "https://github.com/ondrejmirtes",
                    "type": "github"
                },
                {
                    "url": "https://github.com/phpstan",
                    "type": "github"
                }
            ],
            "time": "2026-10-08T21:09:11+00:00"
        },
        {
            "name": "rdx/phpstan-extra",
            "version": "dev-master",
            "source": {
                "type": "git",
                "url": "https://github.com/rudiedirkx/phpstan-extra.git",
                "reference": "642ae05c0082d2d30c9076ab0bcdd556c34cfd44"
            },
            "dist": {
                "type": "zip",
                "url": "https://api.github.com/repos/rudiedirkx/phpstan-extra/zipball/642ae05c0082d2d30c9076ab0bcdd556c34cfd44",
                "reference": "642ae05c0082d2d30c9076ab0bcdd556c34cfd44",
                "shasum": ""
            },
            "require": {
                "phpstan/phpstan": "^2.1"
            },
            "require-dev": {
                "friendsofphp/php-cs-fixer": "^3.68"
            },
            "default-branch": true,
            "type": "library",
            "autoload": {
                "psr-4": {
                    "rdx\\PhpstanExtra\\": "src/"
                }
            },
            "notification-url": "https://packagist.org/downloads/",
            "authors": [
                {
                    "name": "Rudie Dirkx",
                    "email": "github@hotblocks.nl"
                }
            ],
            "description": "More PhpStan extensions",
            "keywords": [
                "dev"
            ],
            "support": {
                "issues": "https://github.com/rudiedirkx/phpstan-extra/issues",
                "source": "https://github.com/rudiedirkx/phpstan-extra/tree/master"
            },
            "time": "2026-05-02T23:09:43+00:00"
        }
    ],
    "aliases": [],
    "minimum-stability": "stable",
    "stability-flags": {
        "rdx/phpstan-extra": 20
    },
    "prefer-stable": false,
    "prefer-lowest": false,
    "platform": {},
    "platform-dev": {},
    "plugin-api-version": "2.6.0"
}
